
Microsoft Visual Studio Solution File, Format Version 12.00
# Visual Studio Version 16
VisualStudioVersion = 16.0.32901.82
MinimumVisualStudioVersion = 10.0.40219.1
Project("{9A19103F-16F7-4668-BE54-9A1E7A4F7556}") = "ChirpStack", "ChirpStack\ChirpStack.csproj", "{D3696AA5-BFA2-4270-9D8F-11FC890B147A}"
EndProject
Project("{9A19103F-16F7-4668-BE54-9A1E7A4F7556}") = "SemtechUdp", "SemtechUdp\SemtechUdp.csproj", "{3C861599-FC48-4447-9B26-DBAB62CC49E4}"
EndProject
Project("{9A19103F-16F7-4668-BE54-9A1E7A4F7556}") = "LoraRouter", "LoraRouter\LoraRouter.csproj", "{4AF855A6-4ECA-453B-8CA5-7BA7A9AB39E0}"
EndProject
Project("{9A19103F-16F7-4668-BE54-9A1E7A4F7556}") = "LoraRouter.Lib", "LoraRouter.Lib\LoraRouter.Lib.csproj", "{4C00E7EA-3448-43CF-B10F-77716E569707}"
EndProject
Global
	GlobalSection(SolutionConfigurationPlatforms) = preSolution
		Debug|Any CPU = Debug|Any CPU
		Release|Any CPU = Release|Any CPU
	EndGlobalSection
	GlobalSection(ProjectConfigurationPlatforms) = postSolution
		{D3696AA5-BFA2-4270-9D8F-11FC890B147A}.Debug|Any CPU.ActiveCfg = Debug|Any CPU
		{D3696AA5-BFA2-4270-9D8F-11FC890B147A}.Debug|Any CPU.Build.0 = Debug|Any CPU
		{D3696AA5-BFA2-4270-9D8F-11FC890B147A}.Release|Any CPU.ActiveCfg = Release|Any CPU
		{D3696AA5-BFA2-4270-9D8F-11FC890B147A}.Release|Any CPU.Build.0 = Release|Any CPU
		{3C861599-FC48-4447-9B26-DBAB62CC49E4}.Debug|Any CPU.ActiveCfg = Debug|Any CPU
		{3C861599-FC48-4447-9B26-DBAB62CC49E4}.Debug|Any CPU.Build.0 = Debug|Any CPU
		{3C861599-FC48-4447-9B26-DBAB62CC49E4}.Release|Any CPU.ActiveCfg = Release|Any CPU
		{3C861599-FC48-4447-9B26-DBAB62CC49E4}.Release|Any CPU.Build.0 = Release|Any CPU
		{4AF855A6-4ECA-453B-8CA5-7BA7A9AB39E0}.Debug|Any CPU.ActiveCfg = Debug|Any CPU
		{4AF855A6-4ECA-453B-8CA5-7BA7A9AB39E0}.Debug|Any CPU.Build.0 = Debug|Any CPU
		{4AF855A6-4ECA-453B-8CA5-7BA7A9AB39E0}.Release|Any CPU.ActiveCfg = Release|Any CPU
		{4AF855A6-4ECA-453B-8CA5-7BA7A9AB39E0}.Release|Any CPU.Build.0 = Release|Any CPU
		{4C00E7EA-3448-43CF-B10F-77716E569707}.Debug|Any CPU.ActiveCfg = Debug|Any CPU
		{4C00E7EA-3448-43CF-B10F-77716E569707}.Debug|Any CPU.Build.0 = Debug|Any CPU
		{4C00E7EA-3448-43CF-B10F-77716E569707}.Release|Any CPU.ActiveCfg = Release|Any CPU
		{4C00E7EA-3448-43CF-B10F-77716E569707}.Release|Any CPU.Build.0 = Release|Any CPU
	EndGlobalSection
	GlobalSection(SolutionProperties) = preSolution
		HideSolutionNode = FALSE
	EndGlobalSection
	GlobalSection(ExtensibilityGlobals) = postSolution
		SolutionGuid = {01342851-213D-44A7-9941-6A204BB91773}
	EndGlobalSection
EndGlobal
